
Microsoft Visual Studio Solution File, Format Version 12.00
# Visual Studio Version 16
VisualStudioVersion = 16.0.29519.87
MinimumVisualStudioVersion = 10.0.40219.1
Project("{FAE04EC0-301F-11D3-BF4B-00C04F79EFBC}") = "botbase", "botbase.csproj", "{110C2B03-4B7E-4A6A-A805-CEB14EA9DA03}"
EndProject
Global
	GlobalSection(SolutionConfigurationPlatforms) = preSolution
		Debug|Any CPU = Debug|Any CPU
		Release|Any CPU = Release|Any CPU
		Test|Any CPU = Test|Any CPU
	EndGlobalSection
	GlobalSection(ProjectConfigurationPlatforms) = postSolution
		{110C2B03-4B7E-4A6A-A805-CEB14EA9DA03}.Debug|Any CPU.ActiveCfg = Debug|Any CPU
		{110C2B03-4B7E-4A6A-A805-CEB14EA9DA03}.Debug|Any CPU.Build.0 = Debug|Any CPU
		{110C2B03-4B7E-4A6A-A805-CEB14EA9DA03}.Release|Any CPU.ActiveCfg = Release|Any CPU
		{110C2B03-4B7E-4A6A-A805-CEB14EA9DA03}.Release|Any CPU.Build.0 = Release|Any CPU
		{110C2B03-4B7E-4A6A-A805-CEB14EA9DA03}.Test|Any CPU.ActiveCfg = Test|Any CPU
		{110C2B03-4B7E-4A6A-A805-CEB14EA9DA03}.Test|Any CPU.Build.0 = Test|Any CPU
	EndGlobalSection
	GlobalSection(SolutionProperties) = preSolution
		HideSolutionNode = FALSE
	EndGlobalSection
	GlobalSection(ExtensibilityGlobals) = postSolution
		SolutionGuid = {9B359EB4-D754-4C6F-A6A8-1BAB8D8139C8}
	EndGlobalSection
EndGlobal
